
Microsoft Visual Studio Solution File, Format Version 12.00
# Visual Studio Version 17
VisualStudioVersion = 17.13.35931.197 d17.13
MinimumVisualStudioVersion = 10.0.40219.1
Project("{FAE04EC0-301F-11D3-BF4B-00C04F79EFBC}") = "POC_Conversor", "POC_Conversor\POC_Conversor.csproj", "{EB2A7D52-A42E-411E-A2C8-412D6B9BFC81}"
EndProject
Global
	GlobalSection(SolutionConfigurationPlatforms) = preSolution
		Debug|Any CPU = Debug|Any CPU
		Release|Any CPU = Release|Any CPU
	EndGlobalSection
	GlobalSection(ProjectConfigurationPlatforms) = postSolution
		{EB2A7D52-A42E-411E-A2C8-412D6B9BFC81}.Debug|Any CPU.ActiveCfg = Debug|Any CPU
		{EB2A7D52-A42E-411E-A2C8-412D6B9BFC81}.Debug|Any CPU.Build.0 = Debug|Any CPU
		{EB2A7D52-A42E-411E-A2C8-412D6B9BFC81}.Release|Any CPU.ActiveCfg = Release|Any CPU
		{EB2A7D52-A42E-411E-A2C8-412D6B9BFC81}.Release|Any CPU.Build.0 = Release|Any CPU
	EndGlobalSection
	GlobalSection(SolutionProperties) = preSolution
		HideSolutionNode = FALSE
	EndGlobalSection
	GlobalSection(ExtensibilityGlobals) = postSolution
		SolutionGuid = {B1E6905B-C8F2-4B2C-85D8-C0060150DC3E}
	EndGlobalSection
EndGlobal
